
Microsoft Visual Studio Solution File, Format Version 12.00
# Visual Studio 15
VisualStudioVersion = 15.0.26403.0
MinimumVisualStudioVersion = 10.0.40219.1
Project("{FAE04EC0-301F-11D3-BF4B-00C04F79EFBC}") = "SaveStorageSettings", "SaveStorageSettings.csproj", "{21D08F0B-795F-47DC-86B4-0EC0EA0D3EFE}"
EndProject
Project("{FAE04EC0-301F-11D3-BF4B-00C04F79EFBC}") = "SaveStorageSettingsUtil", "SaveStorageSettingsUtil\SaveStorageSettingsUtil.csproj", "{2179578A-5204-4036-B860-79339768E0D3}"
EndProject
Global
	GlobalSection(SolutionConfigurationPlatforms) = preSolution
		Debug|Any CPU = Debug|Any CPU
		Release|Any CPU = Release|Any CPU
	EndGlobalSection
	GlobalSection(ProjectConfigurationPlatforms) = postSolution
		{21D08F0B-795F-47DC-86B4-0EC0EA0D3EFE}.Debug|Any CPU.ActiveCfg = Debug|Any CPU
		{21D08F0B-795F-47DC-86B4-0EC0EA0D3EFE}.Debug|Any CPU.Build.0 = Debug|Any CPU
		{21D08F0B-795F-47DC-86B4-0EC0EA0D3EFE}.Release|Any CPU.ActiveCfg = Release|Any CPU
		{21D08F0B-795F-47DC-86B4-0EC0EA0D3EFE}.Release|Any CPU.Build.0 = Release|Any CPU
		{2179578A-5204-4036-B860-79339768E0D3}.Debug|Any CPU.ActiveCfg = Debug|Any CPU
		{2179578A-5204-4036-B860-79339768E0D3}.Debug|Any CPU.Build.0 = Debug|Any CPU
		{2179578A-5204-4036-B860-79339768E0D3}.Release|Any CPU.ActiveCfg = Release|Any CPU
		{2179578A-5204-4036-B860-79339768E0D3}.Release|Any CPU.Build.0 = Release|Any CPU
	EndGlobalSection
	GlobalSection(SolutionProperties) = preSolution
		HideSolutionNode = FALSE
	EndGlobalSection
EndGlobal
